
Microsoft Visual Studio Solution File, Format Version 12.00
# Visual Studio Version 16
VisualStudioVersion = 16.0.31112.23
MinimumVisualStudioVersion = 10.0.40219.1
Project("{FAE04EC0-301F-11D3-BF4B-00C04F79EFBC}") = "BlazorSqliteTemplate", "BlazorSqliteTemplate\BlazorSqliteTemplate.csproj", "{0DA22FB7-4344-4CDB-9EB5-EBBF99955CF1}"
EndProject
Global
	GlobalSection(SolutionConfigurationPlatforms) = preSolution
		Debug|Any CPU = Debug|Any CPU
		Release|Any CPU = Release|Any CPU
	EndGlobalSection
	GlobalSection(ProjectConfigurationPlatforms) = postSolution
		{0DA22FB7-4344-4CDB-9EB5-EBBF99955CF1}.Debug|Any CPU.ActiveCfg = Debug|Any CPU
		{0DA22FB7-4344-4CDB-9EB5-EBBF99955CF1}.Debug|Any CPU.Build.0 = Debug|Any CPU
		{0DA22FB7-4344-4CDB-9EB5-EBBF99955CF1}.Release|Any CPU.ActiveCfg = Release|Any CPU
		{0DA22FB7-4344-4CDB-9EB5-EBBF99955CF1}.Release|Any CPU.Build.0 = Release|Any CPU
	EndGlobalSection
	GlobalSection(SolutionProperties) = preSolution
		HideSolutionNode = FALSE
	EndGlobalSection
	GlobalSection(ExtensibilityGlobals) = postSolution
		SolutionGuid = {C64C0382-791E-462D-BC46-ACF8031F33C9}
	EndGlobalSection
EndGlobal
