
Microsoft Visual Studio Solution File, Format Version 12.00
# Visual Studio Version 17
VisualStudioVersion = 17.0.31903.59
MinimumVisualStudioVersion = 10.0.40219.1
Project("{FAE04EC0-301F-11D3-BF4B-00C04F79EFBC}") = "BlazorSvrMySqlAuth", "BlazorSvrMySqlAuth\BlazorSvrMySqlAuth.csproj", "{FAC4BD7A-1AC0-4C47-A576-4252F9B179A7}"
EndProject
Global
	GlobalSection(SolutionConfigurationPlatforms) = preSolution
		Debug|Any CPU = Debug|Any CPU
		Release|Any CPU = Release|Any CPU
	EndGlobalSection
	GlobalSection(ProjectConfigurationPlatforms) = postSolution
		{FAC4BD7A-1AC0-4C47-A576-4252F9B179A7}.Debug|Any CPU.ActiveCfg = Debug|Any CPU
		{FAC4BD7A-1AC0-4C47-A576-4252F9B179A7}.Debug|Any CPU.Build.0 = Debug|Any CPU
		{FAC4BD7A-1AC0-4C47-A576-4252F9B179A7}.Release|Any CPU.ActiveCfg = Release|Any CPU
		{FAC4BD7A-1AC0-4C47-A576-4252F9B179A7}.Release|Any CPU.Build.0 = Release|Any CPU
	EndGlobalSection
	GlobalSection(SolutionProperties) = preSolution
		HideSolutionNode = FALSE
	EndGlobalSection
	GlobalSection(ExtensibilityGlobals) = postSolution
		SolutionGuid = {29434345-37F9-4DCA-8657-8E6E3026EE5D}
	EndGlobalSection
EndGlobal
